
Microsoft Visual Studio Solution File, Format Version 12.00
# Visual Studio Version 16
VisualStudioVersion = 16.0.33529.622
MinimumVisualStudioVersion = 10.0.40219.1
Project("{FAE04EC0-301F-11D3-BF4B-00C04F79EFBC}") = "FBLT_Tax", "FBLT_Tax\FBLT_Tax.csproj", "{91A2DAF1-080E-483B-A7AF-7A53A3B17714}"
EndProject
Global
	GlobalSection(SolutionConfigurationPlatforms) = preSolution
		Debug|Any CPU = Debug|Any CPU
		Release|Any CPU = Release|Any CPU
	EndGlobalSection
	GlobalSection(ProjectConfigurationPlatforms) = postSolution
		{91A2DAF1-080E-483B-A7AF-7A53A3B17714}.Debug|Any CPU.ActiveCfg = Debug|Any CPU
		{91A2DAF1-080E-483B-A7AF-7A53A3B17714}.Debug|Any CPU.Build.0 = Debug|Any CPU
		{91A2DAF1-080E-483B-A7AF-7A53A3B17714}.Release|Any CPU.ActiveCfg = Release|Any CPU
		{91A2DAF1-080E-483B-A7AF-7A53A3B17714}.Release|Any CPU.Build.0 = Release|Any CPU
	EndGlobalSection
	GlobalSection(SolutionProperties) = preSolution
		HideSolutionNode = FALSE
	EndGlobalSection
	GlobalSection(ExtensibilityGlobals) = postSolution
		SolutionGuid = {51E37057-D394-4B06-987E-DE30B578AB99}
	EndGlobalSection
EndGlobal
